
Microsoft Visual Studio Solution File, Format Version 11.00
# Visual Studio 2010
Project("{FAE04EC0-301F-11D3-BF4B-00C04F79EFBC}") = "SmtpProxy", "SmtpProxy\SmtpProxy.csproj", "{C4B446D5-2B4B-4910-B1C3-42AE8631DBAA}"
EndProject
Project("{2150E333-8FDC-42A3-9474-1A3956D46DE8}") = "Solution Items", "Solution Items", "{184205F7-07C2-4101-8F5D-CCF45085A6B9}"
EndProject
Project("{930C7802-8A8C-48F9-8165-68863BCCD9DD}") = "WixInstaller", "WixInstaller\WixInstaller.wixproj", "{D3F90E7E-D15E-49DB-B3B1-BD86F278BEE0}"
EndProject
Global
	GlobalSection(TeamFoundationVersionControl) = preSolution
		SccNumberOfProjects = 3
		SccEnterpriseProvider = {4CA58AB2-18FA-4F8D-95D4-32DDF27D184C}
		SccTeamFoundationServer = https://tfs.codeplex.com/tfs/tfs32
		SccLocalPath0 = .
		SccProjectUniqueName1 = SmtpProxy\\SmtpProxy.csproj
		SccProjectName1 = SmtpProxy
		SccLocalPath1 = SmtpProxy
		SccProjectUniqueName2 = WixInstaller\\WixInstaller.wixproj
		SccProjectName2 = WixInstaller
		SccLocalPath2 = WixInstaller
	EndGlobalSection
	GlobalSection(SolutionConfigurationPlatforms) = preSolution
		Debug|Any CPU = Debug|Any CPU
		Debug|Mixed Platforms = Debug|Mixed Platforms
		Debug|x86 = Debug|x86
		Release|Any CPU = Release|Any CPU
		Release|Mixed Platforms = Release|Mixed Platforms
		Release|x86 = Release|x86
	EndGlobalSection
	GlobalSection(ProjectConfigurationPlatforms) = postSolution
		{C4B446D5-2B4B-4910-B1C3-42AE8631DBAA}.Debug|Any CPU.ActiveCfg = Debug|x86
		{C4B446D5-2B4B-4910-B1C3-42AE8631DBAA}.Debug|Mixed Platforms.ActiveCfg = Debug|x86
		{C4B446D5-2B4B-4910-B1C3-42AE8631DBAA}.Debug|Mixed Platforms.Build.0 = Debug|x86
		{C4B446D5-2B4B-4910-B1C3-42AE8631DBAA}.Debug|x86.ActiveCfg = Debug|x86
		{C4B446D5-2B4B-4910-B1C3-42AE8631DBAA}.Debug|x86.Build.0 = Debug|x86
		{C4B446D5-2B4B-4910-B1C3-42AE8631DBAA}.Release|Any CPU.ActiveCfg = Release|x86
		{C4B446D5-2B4B-4910-B1C3-42AE8631DBAA}.Release|Mixed Platforms.ActiveCfg = Release|x86
		{C4B446D5-2B4B-4910-B1C3-42AE8631DBAA}.Release|Mixed Platforms.Build.0 = Release|x86
		{C4B446D5-2B4B-4910-B1C3-42AE8631DBAA}.Release|x86.ActiveCfg = Release|x86
		{C4B446D5-2B4B-4910-B1C3-42AE8631DBAA}.Release|x86.Build.0 = Release|x86
		{D3F90E7E-D15E-49DB-B3B1-BD86F278BEE0}.Debug|Any CPU.ActiveCfg = Debug|x86
		{D3F90E7E-D15E-49DB-B3B1-BD86F278BEE0}.Debug|Mixed Platforms.ActiveCfg = Debug|x86
		{D3F90E7E-D15E-49DB-B3B1-BD86F278BEE0}.Debug|Mixed Platforms.Build.0 = Debug|x86
		{D3F90E7E-D15E-49DB-B3B1-BD86F278BEE0}.Debug|x86.ActiveCfg = Debug|x86
		{D3F90E7E-D15E-49DB-B3B1-BD86F278BEE0}.Debug|x86.Build.0 = Debug|x86
		{D3F90E7E-D15E-49DB-B3B1-BD86F278BEE0}.Release|Any CPU.ActiveCfg = Release|x86
		{D3F90E7E-D15E-49DB-B3B1-BD86F278BEE0}.Release|Mixed Platforms.ActiveCfg = Release|x86
		{D3F90E7E-D15E-49DB-B3B1-BD86F278BEE0}.Release|Mixed Platforms.Build.0 = Release|x86
		{D3F90E7E-D15E-49DB-B3B1-BD86F278BEE0}.Release|x86.ActiveCfg = Release|x86
		{D3F90E7E-D15E-49DB-B3B1-BD86F278BEE0}.Release|x86.Build.0 = Release|x86
	EndGlobalSection
	GlobalSection(SolutionProperties) = preSolution
		HideSolutionNode = FALSE
	EndGlobalSection
EndGlobal
